// !$*UTF8*$!
{
	archiveVersion = 1;
	classes = {
	};
	objectVersion = 56;
	objects = {

/* Begin PBXBuildFile section */
		9D7186FC2C916103004C81B9 /* AppDelegate.swift in Sources */ = {isa = PBXBuildFile; fileRef = 9D7186FB2C916103004C81B9 /* AppDelegate.swift */; };
		9D7186FE2C916103004C81B9 /* SceneDelegate.swift in Sources */ = {isa = PBXBuildFile; fileRef = 9D7186FD2C916103004C81B9 /* SceneDelegate.swift */; };
		9D7187002C916103004C81B9 /* MainTabBarViewController.swift in Sources */ = {isa = PBXBuildFile; fileRef = 9D7186FF2C916103004C81B9 /* MainTabBarViewController.swift */; };
		9D7187062C916103004C81B9 /* WonderfulKorea.xcdatamodeld in Sources */ = {isa = PBXBuildFile; fileRef = 9D7187042C916103004C81B9 /* WonderfulKorea.xcdatamodeld */; };
		9D7187082C916104004C81B9 /* Assets.xcassets in Resources */ = {isa = PBXBuildFile; fileRef = 9D7187072C916104004C81B9 /* Assets.xcassets */; };
		9D71870B2C916104004C81B9 /* Base in Resources */ = {isa = PBXBuildFile; fileRef = 9D71870A2C916104004C81B9 /* Base */; };
		9D7187162C916105004C81B9 /* WonderfulKoreaTests.swift in Sources */ = {isa = PBXBuildFile; fileRef = 9D7187152C916105004C81B9 /* WonderfulKoreaTests.swift */; };
		9D7187202C916105004C81B9 /* WonderfulKoreaUITests.swift in Sources */ = {isa = PBXBuildFile; fileRef = 9D71871F2C916105004C81B9 /* WonderfulKoreaUITests.swift */; };
		9D7187222C916105004C81B9 /* WonderfulKoreaUITestsLaunchTests.swift in Sources */ = {isa = PBXBuildFile; fileRef = 9D7187212C916105004C81B9 /* WonderfulKoreaUITestsLaunchTests.swift */; };
		9D7187352C9165A4004C81B9 /* CustomTabBarView.swift in Sources */ = {isa = PBXBuildFile; fileRef = 9D7187342C9165A4004C81B9 /* CustomTabBarView.swift */; };
		9D71873A2C9168E2004C81B9 /* HomeViewController.swift in Sources */ = {isa = PBXBuildFile; fileRef = 9D7187392C9168E2004C81B9 /* HomeViewController.swift */; };
		9D71873C2C9168EF004C81B9 /* SearchViewController.swift in Sources */ = {isa = PBXBuildFile; fileRef = 9D71873B2C9168EF004C81B9 /* SearchViewController.swift */; };
		9D71873E2C916901004C81B9 /* LocationViewController.swift in Sources */ = {isa = PBXBuildFile; fileRef = 9D71873D2C916901004C81B9 /* LocationViewController.swift */; };
		9D7187402C91690D004C81B9 /* ProfileViewController.swift in Sources */ = {isa = PBXBuildFile; fileRef = 9D71873F2C91690D004C81B9 /* ProfileViewController.swift */; };
		9D7187422C916922004C81B9 /* PlanViewController.swift in Sources */ = {isa = PBXBuildFile; fileRef = 9D7187412C916922004C81B9 /* PlanViewController.swift */; };
		9D7187452C9171E8004C81B9 /* Hakgyoansim Byeolbichhaneul OTF B.otf in Resources */ = {isa = PBXBuildFile; fileRef = 9D7187442C9171E8004C81B9 /* Hakgyoansim Byeolbichhaneul OTF B.otf */; };
		9D7187462C9171E8004C81B9 /* Hakgyoansim Byeolbichhaneul OTF B.otf in Resources */ = {isa = PBXBuildFile; fileRef = 9D7187442C9171E8004C81B9 /* Hakgyoansim Byeolbichhaneul OTF B.otf */; };
		9D7187472C9171E8004C81B9 /* Hakgyoansim Byeolbichhaneul OTF B.otf in Resources */ = {isa = PBXBuildFile; fileRef = 9D7187442C9171E8004C81B9 /* Hakgyoansim Byeolbichhaneul OTF B.otf */; };
		9D7187492C9171F4004C81B9 /* Hakgyoansim Byeolbichhaneul OTF L.otf in Resources */ = {isa = PBXBuildFile; fileRef = 9D7187482C9171F4004C81B9 /* Hakgyoansim Byeolbichhaneul OTF L.otf */; };
		9D71874A2C9171F4004C81B9 /* Hakgyoansim Byeolbichhaneul OTF L.otf in Resources */ = {isa = PBXBuildFile; fileRef = 9D7187482C9171F4004C81B9 /* Hakgyoansim Byeolbichhaneul OTF L.otf */; };
		9D71874B2C9171F4004C81B9 /* Hakgyoansim Byeolbichhaneul OTF L.otf in Resources */ = {isa = PBXBuildFile; fileRef = 9D7187482C9171F4004C81B9 /* Hakgyoansim Byeolbichhaneul OTF L.otf */; };
		9D71874D2C9173FC004C81B9 /* DungGeunMo.otf in Resources */ = {isa = PBXBuildFile; fileRef = 9D71874C2C9173FC004C81B9 /* DungGeunMo.otf */; };
		9D71874E2C9173FC004C81B9 /* DungGeunMo.otf in Resources */ = {isa = PBXBuildFile; fileRef = 9D71874C2C9173FC004C81B9 /* DungGeunMo.otf */; };
		9D71874F2C9173FC004C81B9 /* DungGeunMo.otf in Resources */ = {isa = PBXBuildFile; fileRef = 9D71874C2C9173FC004C81B9 /* DungGeunMo.otf */; };
		9D7187522C91746E004C81B9 /* CustomTitleView.swift in Sources */ = {isa = PBXBuildFile; fileRef = 9D7187512C91746E004C81B9 /* CustomTitleView.swift */; };
		9D7187532C91746E004C81B9 /* CustomTitleView.swift in Sources */ = {isa = PBXBuildFile; fileRef = 9D7187512C91746E004C81B9 /* CustomTitleView.swift */; };
		9D7187542C91746E004C81B9 /* CustomTitleView.swift in Sources */ = {isa = PBXBuildFile; fileRef = 9D7187512C91746E004C81B9 /* CustomTitleView.swift */; };
		9D7187592C91762B004C81B9 /* HomeBasicScrollView.swift in Sources */ = {isa = PBXBuildFile; fileRef = 9D7187582C91762B004C81B9 /* HomeBasicScrollView.swift */; };
		9D71875A2C91762B004C81B9 /* HomeBasicScrollView.swift in Sources */ = {isa = PBXBuildFile; fileRef = 9D7187582C91762B004C81B9 /* HomeBasicScrollView.swift */; };
		9D71875B2C91762B004C81B9 /* HomeBasicScrollView.swift in Sources */ = {isa = PBXBuildFile; fileRef = 9D7187582C91762B004C81B9 /* HomeBasicScrollView.swift */; };
		9D71875E2C91C8F9004C81B9 /* HomeContentView.swift in Sources */ = {isa = PBXBuildFile; fileRef = 9D71875D2C91C8F9004C81B9 /* HomeContentView.swift */; };
		9D71875F2C91C8F9004C81B9 /* HomeContentView.swift in Sources */ = {isa = PBXBuildFile; fileRef = 9D71875D2C91C8F9004C81B9 /* HomeContentView.swift */; };
		9D7187602C91C8F9004C81B9 /* HomeContentView.swift in Sources */ = {isa = PBXBuildFile; fileRef = 9D71875D2C91C8F9004C81B9 /* HomeContentView.swift */; };
		9D7187632C91CFA3004C81B9 /* CustomCategoryCollectionView.swift in Sources */ = {isa = PBXBuildFile; fileRef = 9D7187622C91CFA3004C81B9 /* CustomCategoryCollectionView.swift */; };
		9D7187642C91CFA3004C81B9 /* CustomCategoryCollectionView.swift in Sources */ = {isa = PBXBuildFile; fileRef = 9D7187622C91CFA3004C81B9 /* CustomCategoryCollectionView.swift */; };
		9D7187652C91CFA3004C81B9 /* CustomCategoryCollectionView.swift in Sources */ = {isa = PBXBuildFile; fileRef = 9D7187622C91CFA3004C81B9 /* CustomCategoryCollectionView.swift */; };
		9D7187672C91D1AD004C81B9 /* CustomPlaceCollectionView.swift in Sources */ = {isa = PBXBuildFile; fileRef = 9D7187662C91D1AD004C81B9 /* CustomPlaceCollectionView.swift */; };
		9D7187682C91D1AD004C81B9 /* CustomPlaceCollectionView.swift in Sources */ = {isa = PBXBuildFile; fileRef = 9D7187662C91D1AD004C81B9 /* CustomPlaceCollectionView.swift */; };
		9D7187692C91D1AD004C81B9 /* CustomPlaceCollectionView.swift in Sources */ = {isa = PBXBuildFile; fileRef = 9D7187662C91D1AD004C81B9 /* CustomPlaceCollectionView.swift */; };
		9D71876B2C91E1FC004C81B9 /* CustomCategoryCollectionViewCell.swift in Sources */ = {isa = PBXBuildFile; fileRef = 9D71876A2C91E1FC004C81B9 /* CustomCategoryCollectionViewCell.swift */; };
		9D71876C2C91E1FC004C81B9 /* CustomCategoryCollectionViewCell.swift in Sources */ = {isa = PBXBuildFile; fileRef = 9D71876A2C91E1FC004C81B9 /* CustomCategoryCollectionViewCell.swift */; };
		9D71876D2C91E1FC004C81B9 /* CustomCategoryCollectionViewCell.swift in Sources */ = {isa = PBXBuildFile; fileRef = 9D71876A2C91E1FC004C81B9 /* CustomCategoryCollectionViewCell.swift */; };
		9D71876F2C91F5CC004C81B9 /* CustomPlaceCollectionViewCell.swift in Sources */ = {isa = PBXBuildFile; fileRef = 9D71876E2C91F5CC004C81B9 /* CustomPlaceCollectionViewCell.swift */; };
		9D7187702C91F5CC004C81B9 /* CustomPlaceCollectionViewCell.swift in Sources */ = {isa = PBXBuildFile; fileRef = 9D71876E2C91F5CC004C81B9 /* CustomPlaceCollectionViewCell.swift */; };
		9D7187712C91F5CC004C81B9 /* CustomPlaceCollectionViewCell.swift in Sources */ = {isa = PBXBuildFile; fileRef = 9D71876E2C91F5CC004C81B9 /* CustomPlaceCollectionViewCell.swift */; };
		9D7187742C91F7B7004C81B9 /* SDWebImage in Frameworks */ = {isa = PBXBuildFile; productRef = 9D7187732C91F7B7004C81B9 /* SDWebImage */; };
		9D7187762C91F7B7004C81B9 /* SDWebImageMapKit in Frameworks */ = {isa = PBXBuildFile; productRef = 9D7187752C91F7B7004C81B9 /* SDWebImageMapKit */; };
		9D71877B2C9200B4004C81B9 /* CustomPlaceTableView.swift in Sources */ = {isa = PBXBuildFile; fileRef = 9D71877A2C9200B4004C81B9 /* CustomPlaceTableView.swift */; };
		9D71877C2C9200B4004C81B9 /* CustomPlaceTableView.swift in Sources */ = {isa = PBXBuildFile; fileRef = 9D71877A2C9200B4004C81B9 /* CustomPlaceTableView.swift */; };
		9D71877D2C9200B4004C81B9 /* CustomPlaceTableView.swift in Sources */ = {isa = PBXBuildFile; fileRef = 9D71877A2C9200B4004C81B9 /* CustomPlaceTableView.swift */; };
		9D71877F2C9206D0004C81B9 /* CustomPlaceTableViewCell.swift in Sources */ = {isa = PBXBuildFile; fileRef = 9D71877E2C9206D0004C81B9 /* CustomPlaceTableViewCell.swift */; };
		9D7187802C9206D0004C81B9 /* CustomPlaceTableViewCell.swift in Sources */ = {isa = PBXBuildFile; fileRef = 9D71877E2C9206D0004C81B9 /* CustomPlaceTableViewCell.swift */; };
		9D7187812C9206D0004C81B9 /* CustomPlaceTableViewCell.swift in Sources */ = {isa = PBXBuildFile; fileRef = 9D71877E2C9206D0004C81B9 /* CustomPlaceTableViewCell.swift */; };
		9D7187842C921F1F004C81B9 /* CategoryCode.swift in Sources */ = {isa = PBXBuildFile; fileRef = 9D7187832C921F1F004C81B9 /* CategoryCode.swift */; };
		9D7187852C921F1F004C81B9 /* CategoryCode.swift in Sources */ = {isa = PBXBuildFile; fileRef = 9D7187832C921F1F004C81B9 /* CategoryCode.swift */; };
		9D7187862C921F1F004C81B9 /* CategoryCode.swift in Sources */ = {isa = PBXBuildFile; fileRef = 9D7187832C921F1F004C81B9 /* CategoryCode.swift */; };
		9D7187882C92883C004C81B9 /* NetworkManager.swift in Sources */ = {isa = PBXBuildFile; fileRef = 9D7187872C92883C004C81B9 /* NetworkManager.swift */; };
		9D7187892C92883C004C81B9 /* NetworkManager.swift in Sources */ = {isa = PBXBuildFile; fileRef = 9D7187872C92883C004C81B9 /* NetworkManager.swift */; };
		9D71878A2C92883C004C81B9 /* NetworkManager.swift in Sources */ = {isa = PBXBuildFile; fileRef = 9D7187872C92883C004C81B9 /* NetworkManager.swift */; };
		9D71878C2C929F97004C81B9 /* AttractionResponse.swift in Sources */ = {isa = PBXBuildFile; fileRef = 9D71878B2C929F97004C81B9 /* AttractionResponse.swift */; };
		9D71878D2C929F97004C81B9 /* AttractionResponse.swift in Sources */ = {isa = PBXBuildFile; fileRef = 9D71878B2C929F97004C81B9 /* AttractionResponse.swift */; };
		9D71878E2C929F97004C81B9 /* AttractionResponse.swift in Sources */ = {isa = PBXBuildFile; fileRef = 9D71878B2C929F97004C81B9 /* AttractionResponse.swift */; };
		9D7187912C92BFEE004C81B9 /* ContentCategory.swift in Sources */ = {isa = PBXBuildFile; fileRef = 9D7187902C92BFEE004C81B9 /* ContentCategory.swift */; };
		9D7187922C92BFEE004C81B9 /* ContentCategory.swift in Sources */ = {isa = PBXBuildFile; fileRef = 9D7187902C92BFEE004C81B9 /* ContentCategory.swift */; };
		9D7187932C92BFEE004C81B9 /* ContentCategory.swift in Sources */ = {isa = PBXBuildFile; fileRef = 9D7187902C92BFEE004C81B9 /* ContentCategory.swift */; };
		9D7187962C92C5B3004C81B9 /* extensions.swift in Sources */ = {isa = PBXBuildFile; fileRef = 9D7187952C92C5B3004C81B9 /* extensions.swift */; };
		9D7187972C92C5B3004C81B9 /* extensions.swift in Sources */ = {isa = PBXBuildFile; fileRef = 9D7187952C92C5B3004C81B9 /* extensions.swift */; };
		9D7187982C92C5B3004C81B9 /* extensions.swift in Sources */ = {isa = PBXBuildFile; fileRef = 9D7187952C92C5B3004C81B9 /* extensions.swift */; };
		9D71879A2C99E3BE004C81B9 /* DetailViewController.swift in Sources */ = {isa = PBXBuildFile; fileRef = 9D7187992C99E3BE004C81B9 /* DetailViewController.swift */; };
		9D71879B2C99E3BE004C81B9 /* DetailViewController.swift in Sources */ = {isa = PBXBuildFile; fileRef = 9D7187992C99E3BE004C81B9 /* DetailViewController.swift */; };
		9D71879C2C99E3BE004C81B9 /* DetailViewController.swift in Sources */ = {isa = PBXBuildFile; fileRef = 9D7187992C99E3BE004C81B9 /* DetailViewController.swift */; };
		9DABA8462C9A9BB000438B6E /* DetailBasicScrollView.swift in Sources */ = {isa = PBXBuildFile; fileRef = 9DABA8452C9A9BB000438B6E /* DetailBasicScrollView.swift */; };
		9DABA8492C9B741800438B6E /* DetailContentView.swift in Sources */ = {isa = PBXBuildFile; fileRef = 9DABA8482C9B741800438B6E /* DetailContentView.swift */; };
		9DB3238A2C9BE0E8008ECAE9 /* CustomImagePageCollectionView.swift in Sources */ = {isa = PBXBuildFile; fileRef = 9DB323892C9BE0E8008ECAE9 /* CustomImagePageCollectionView.swift */; };
		9DB3238C2C9BE305008ECAE9 /* CustomImagePageCollectionViewCell.swift in Sources */ = {isa = PBXBuildFile; fileRef = 9DB3238B2C9BE305008ECAE9 /* CustomImagePageCollectionViewCell.swift */; };
		9DB3238E2C9C01C2008ECAE9 /* ImageResponse.swift in Sources */ = {isa = PBXBuildFile; fileRef = 9DB3238D2C9C01C2008ECAE9 /* ImageResponse.swift */; };
/* End PBXBuildFile section */

/* Begin PBXContainerItemProxy section */
		9D7187122C916105004C81B9 /* PBXContainerItemProxy */ = {
			isa = PBXContainerItemProxy;
			containerPortal = 9D7186F02C916103004C81B9 /* Project object */;
			proxyType = 1;
			remoteGlobalIDString = 9D7186F72C916103004C81B9;
			remoteInfo = WonderfulKorea;
		};
		9D71871C2C916105004C81B9 /* PBXContainerItemProxy */ = {
			isa = PBXContainerItemProxy;
			containerPortal = 9D7186F02C916103004C81B9 /* Project object */;
			proxyType = 1;
			remoteGlobalIDString = 9D7186F72C916103004C81B9;
			remoteInfo = WonderfulKorea;
		};
/* End PBXContainerItemProxy section */

/* Begin PBXFileReference section */
		9D7186F82C916103004C81B9 /* WonderfulKorea.app */ = {isa = PBXFileReference; explicitFileType = wrapper.application; includeInIndex = 0; path = WonderfulKorea.app; sourceTree = BUILT_PRODUCTS_DIR; };
		9D7186FB2C916103004C81B9 /* AppDelegate.swift */ = {isa = PBXFileReference; lastKnownFileType = sourcecode.swift; path = AppDelegate.swift; sourceTree = "<group>"; };
		9D7186FD2C916103004C81B9 /* SceneDelegate.swift */ = {isa = PBXFileReference; lastKnownFileType = sourcecode.swift; path = SceneDelegate.swift; sourceTree = "<group>"; };
		9D7186FF2C916103004C81B9 /* MainTabBarViewController.swift */ = {isa = PBXFileReference; lastKnownFileType = sourcecode.swift; path = MainTabBarViewController.swift; sourceTree = "<group>"; };
		9D7187052C916103004C81B9 /* WonderfulKorea.xcdatamodel */ = {isa = PBXFileReference; lastKnownFileType = wrapper.xcdatamodel; path = WonderfulKorea.xcdatamodel; sourceTree = "<group>"; };
		9D7187072C916104004C81B9 /* Assets.xcassets */ = {isa = PBXFileReference; lastKnownFileType = folder.assetcatalog; path = Assets.xcassets; sourceTree = "<group>"; };
		9D71870A2C916104004C81B9 /* Base */ = {isa = PBXFileReference; lastKnownFileType = file.storyboard; name = Base; path = Base.lproj/LaunchScreen.storyboard; sourceTree = "<group>"; };
		9D71870C2C916104004C81B9 /* Info.plist */ = {isa = PBXFileReference; lastKnownFileType = text.plist.xml; path = Info.plist; sourceTree = "<group>"; };
		9D7187112C916105004C81B9 /* WonderfulKoreaTests.xctest */ = {isa = PBXFileReference; explicitFileType = wrapper.cfbundle; includeInIndex = 0; path = WonderfulKoreaTests.xctest; sourceTree = BUILT_PRODUCTS_DIR; };
		9D7187152C916105004C81B9 /* WonderfulKoreaTests.swift */ = {isa = PBXFileReference; lastKnownFileType = sourcecode.swift; path = WonderfulKoreaTests.swift; sourceTree = "<group>"; };
		9D71871B2C916105004C81B9 /* WonderfulKoreaUITests.xctest */ = {isa = PBXFileReference; explicitFileType = wrapper.cfbundle; includeInIndex = 0; path = WonderfulKoreaUITests.xctest; sourceTree = BUILT_PRODUCTS_DIR; };
		9D71871F2C916105004C81B9 /* WonderfulKoreaUITests.swift */ = {isa = PBXFileReference; lastKnownFileType = sourcecode.swift; path = WonderfulKoreaUITests.swift; sourceTree = "<group>"; };
		9D7187212C916105004C81B9 /* WonderfulKoreaUITestsLaunchTests.swift */ = {isa = PBXFileReference; lastKnownFileType = sourcecode.swift; path = WonderfulKoreaUITestsLaunchTests.swift; sourceTree = "<group>"; };
		9D7187342C9165A4004C81B9 /* CustomTabBarView.swift */ = {isa = PBXFileReference; lastKnownFileType = sourcecode.swift; path = CustomTabBarView.swift; sourceTree = "<group>"; };
		9D7187392C9168E2004C81B9 /* HomeViewController.swift */ = {isa = PBXFileReference; lastKnownFileType = sourcecode.swift; path = HomeViewController.swift; sourceTree = "<group>"; };
		9D71873B2C9168EF004C81B9 /* SearchViewController.swift */ = {isa = PBXFileReference; lastKnownFileType = sourcecode.swift; path = SearchViewController.swift; sourceTree = "<group>"; };
		9D71873D2C916901004C81B9 /* LocationViewController.swift */ = {isa = PBXFileReference; lastKnownFileType = sourcecode.swift; path = LocationViewController.swift; sourceTree = "<group>"; };
		9D71873F2C91690D004C81B9 /* ProfileViewController.swift */ = {isa = PBXFileReference; lastKnownFileType = sourcecode.swift; path = ProfileViewController.swift; sourceTree = "<group>"; };
		9D7187412C916922004C81B9 /* PlanViewController.swift */ = {isa = PBXFileReference; lastKnownFileType = sourcecode.swift; path = PlanViewController.swift; sourceTree = "<group>"; };
		9D7187442C9171E8004C81B9 /* Hakgyoansim Byeolbichhaneul OTF B.otf */ = {isa = PBXFileReference; lastKnownFileType = file; path = "Hakgyoansim Byeolbichhaneul OTF B.otf"; sourceTree = "<group>"; };
		9D7187482C9171F4004C81B9 /* Hakgyoansim Byeolbichhaneul OTF L.otf */ = {isa = PBXFileReference; lastKnownFileType = file; path = "Hakgyoansim Byeolbichhaneul OTF L.otf"; sourceTree = "<group>"; };
		9D71874C2C9173FC004C81B9 /* DungGeunMo.otf */ = {isa = PBXFileReference; lastKnownFileType = file; path = DungGeunMo.otf; sourceTree = "<group>"; };
		9D7187512C91746E004C81B9 /* CustomTitleView.swift */ = {isa = PBXFileReference; lastKnownFileType = sourcecode.swift; path = CustomTitleView.swift; sourceTree = "<group>"; };
		9D7187582C91762B004C81B9 /* HomeBasicScrollView.swift */ = {isa = PBXFileReference; lastKnownFileType = sourcecode.swift; path = HomeBasicScrollView.swift; sourceTree = "<group>"; };
		9D71875D2C91C8F9004C81B9 /* HomeContentView.swift */ = {isa = PBXFileReference; lastKnownFileType = sourcecode.swift; path = HomeContentView.swift; sourceTree = "<group>"; };
		9D7187622C91CFA3004C81B9 /* CustomCategoryCollectionView.swift */ = {isa = PBXFileReference; lastKnownFileType = sourcecode.swift; path = CustomCategoryCollectionView.swift; sourceTree = "<group>"; };
		9D7187662C91D1AD004C81B9 /* CustomPlaceCollectionView.swift */ = {isa = PBXFileReference; lastKnownFileType = sourcecode.swift; path = CustomPlaceCollectionView.swift; sourceTree = "<group>"; };
		9D71876A2C91E1FC004C81B9 /* CustomCategoryCollectionViewCell.swift */ = {isa = PBXFileReference; lastKnownFileType = sourcecode.swift; path = CustomCategoryCollectionViewCell.swift; sourceTree = "<group>"; };
		9D71876E2C91F5CC004C81B9 /* CustomPlaceCollectionViewCell.swift */ = {isa = PBXFileReference; lastKnownFileType = sourcecode.swift; path = CustomPlaceCollectionViewCell.swift; sourceTree = "<group>"; };
		9D71877A2C9200B4004C81B9 /* CustomPlaceTableView.swift */ = {isa = PBXFileReference; lastKnownFileType = sourcecode.swift; path = CustomPlaceTableView.swift; sourceTree = "<group>"; };
		9D71877E2C9206D0004C81B9 /* CustomPlaceTableViewCell.swift */ = {isa = PBXFileReference; lastKnownFileType = sourcecode.swift; path = CustomPlaceTableViewCell.swift; sourceTree = "<group>"; };
		9D7187832C921F1F004C81B9 /* CategoryCode.swift */ = {isa = PBXFileReference; lastKnownFileType = sourcecode.swift; path = CategoryCode.swift; sourceTree = "<group>"; };
		9D7187872C92883C004C81B9 /* NetworkManager.swift */ = {isa = PBXFileReference; lastKnownFileType = sourcecode.swift; path = NetworkManager.swift; sourceTree = "<group>"; };
		9D71878B2C929F97004C81B9 /* AttractionResponse.swift */ = {isa = PBXFileReference; lastKnownFileType = sourcecode.swift; path = AttractionResponse.swift; sourceTree = "<group>"; };
		9D7187902C92BFEE004C81B9 /* ContentCategory.swift */ = {isa = PBXFileReference; lastKnownFileType = sourcecode.swift; path = ContentCategory.swift; sourceTree = "<group>"; };
		9D7187952C92C5B3004C81B9 /* extensions.swift */ = {isa = PBXFileReference; lastKnownFileType = sourcecode.swift; path = extensions.swift; sourceTree = "<group>"; };
		9D7187992C99E3BE004C81B9 /* DetailViewController.swift */ = {isa = PBXFileReference; lastKnownFileType = sourcecode.swift; path = DetailViewController.swift; sourceTree = "<group>"; };
		9DABA8452C9A9BB000438B6E /* DetailBasicScrollView.swift */ = {isa = PBXFileReference; lastKnownFileType = sourcecode.swift; path = DetailBasicScrollView.swift; sourceTree = "<group>"; };
		9DABA8482C9B741800438B6E /* DetailContentView.swift */ = {isa = PBXFileReference; lastKnownFileType = sourcecode.swift; path = DetailContentView.swift; sourceTree = "<group>"; };
		9DB323892C9BE0E8008ECAE9 /* CustomImagePageCollectionView.swift */ = {isa = PBXFileReference; lastKnownFileType = sourcecode.swift; path = CustomImagePageCollectionView.swift; sourceTree = "<group>"; };
		9DB3238B2C9BE305008ECAE9 /* CustomImagePageCollectionViewCell.swift */ = {isa = PBXFileReference; lastKnownFileType = sourcecode.swift; path = CustomImagePageCollectionViewCell.swift; sourceTree = "<group>"; };
		9DB3238D2C9C01C2008ECAE9 /* ImageResponse.swift */ = {isa = PBXFileReference; lastKnownFileType = sourcecode.swift; path = ImageResponse.swift; sourceTree = "<group>"; };
/* End PBXFileReference section */

/* Begin PBXFrameworksBuildPhase section */
		9D7186F52C916103004C81B9 /* Frameworks */ = {
			isa = PBXFrameworksBuildPhase;
			buildActionMask = 2147483647;
			files = (
				9D7187762C91F7B7004C81B9 /* SDWebImageMapKit in Frameworks */,
				9D7187742C91F7B7004C81B9 /* SDWebImage in Frameworks */,
			);
			runOnlyForDeploymentPostprocessing = 0;
		};
		9D71870E2C916105004C81B9 /* Frameworks */ = {
			isa = PBXFrameworksBuildPhase;
			buildActionMask = 2147483647;
			files = (
			);
			runOnlyForDeploymentPostprocessing = 0;
		};
		9D7187182C916105004C81B9 /* Frameworks */ = {
			isa = PBXFrameworksBuildPhase;
			buildActionMask = 2147483647;
			files = (
			);
			runOnlyForDeploymentPostprocessing = 0;
		};
/* End PBXFrameworksBuildPhase section */

/* Begin PBXGroup section */
		9D7186EF2C916103004C81B9 = {
			isa = PBXGroup;
			children = (
				9D7186FA2C916103004C81B9 /* WonderfulKorea */,
				9D7187142C916105004C81B9 /* WonderfulKoreaTests */,
				9D71871E2C916105004C81B9 /* WonderfulKoreaUITests */,
				9D7186F92C916103004C81B9 /* Products */,
			);
			sourceTree = "<group>";
		};
		9D7186F92C916103004C81B9 /* Products */ = {
			isa = PBXGroup;
			children = (
				9D7186F82C916103004C81B9 /* WonderfulKorea.app */,
				9D7187112C916105004C81B9 /* WonderfulKoreaTests.xctest */,
				9D71871B2C916105004C81B9 /* WonderfulKoreaUITests.xctest */,
			);
			name = Products;
			sourceTree = "<group>";
		};
		9D7186FA2C916103004C81B9 /* WonderfulKorea */ = {
			isa = PBXGroup;
			children = (
				9D7187782C91F8E8004C81B9 /* Models */,
				9D7187772C91F8DB004C81B9 /* Network */,
				9D71872F2C916554004C81B9 /* Resources */,
				9D7187302C916566004C81B9 /* Views */,
				9D71872E2C91654A004C81B9 /* ViewControllers */,
				9D71870C2C916104004C81B9 /* Info.plist */,
				9D7187042C916103004C81B9 /* WonderfulKorea.xcdatamodeld */,
			);
			path = WonderfulKorea;
			sourceTree = "<group>";
		};
		9D7187142C916105004C81B9 /* WonderfulKoreaTests */ = {
			isa = PBXGroup;
			children = (
				9D7187152C916105004C81B9 /* WonderfulKoreaTests.swift */,
			);
			path = WonderfulKoreaTests;
			sourceTree = "<group>";
		};
		9D71871E2C916105004C81B9 /* WonderfulKoreaUITests */ = {
			isa = PBXGroup;
			children = (
				9D71871F2C916105004C81B9 /* WonderfulKoreaUITests.swift */,
				9D7187212C916105004C81B9 /* WonderfulKoreaUITestsLaunchTests.swift */,
			);
			path = WonderfulKoreaUITests;
			sourceTree = "<group>";
		};
		9D71872E2C91654A004C81B9 /* ViewControllers */ = {
			isa = PBXGroup;
			children = (
				9D7187382C9165FB004C81B9 /* Core */,
				9D7187362C9165EB004C81B9 /* General */,
			);
			path = ViewControllers;
			sourceTree = "<group>";
		};
		9D71872F2C916554004C81B9 /* Resources */ = {
			isa = PBXGroup;
			children = (
				9D7187942C92C5A2004C81B9 /* Extensions */,
				9D71878F2C92BFD3004C81B9 /* ContentCategory */,
				9D7187822C921F05004C81B9 /* CategoryCode */,
				9D7187432C9171CA004C81B9 /* Fonts */,
				9D7186FB2C916103004C81B9 /* AppDelegate.swift */,
				9D7186FD2C916103004C81B9 /* SceneDelegate.swift */,
				9D7187072C916104004C81B9 /* Assets.xcassets */,
			);
			path = Resources;
			sourceTree = "<group>";
		};
		9D7187302C916566004C81B9 /* Views */ = {
			isa = PBXGroup;
			children = (
				9D7187552C91751E004C81B9 /* Core */,
				9D7187312C91656F004C81B9 /* General */,
			);
			path = Views;
			sourceTree = "<group>";
		};
		9D7187312C91656F004C81B9 /* General */ = {
			isa = PBXGroup;
			children = (
				9D7187792C91F9B0004C81B9 /* TableView */,
				9D7187612C91CF7D004C81B9 /* CollectionView */,
				9D7187502C91744E004C81B9 /* TitleView */,
				9D7187332C91658D004C81B9 /* TabBarView */,
				9D7187322C91657B004C81B9 /* Launch */,
			);
			path = General;
			sourceTree = "<group>";
		};
		9D7187322C91657B004C81B9 /* Launch */ = {
			isa = PBXGroup;
			children = (
				9D7187092C916104004C81B9 /* LaunchScreen.storyboard */,
			);
			path = Launch;
			sourceTree = "<group>";
		};
		9D7187332C91658D004C81B9 /* TabBarView */ = {
			isa = PBXGroup;
			children = (
				9D7187342C9165A4004C81B9 /* CustomTabBarView.swift */,
			);
			path = TabBarView;
			sourceTree = "<group>";
		};
		9D7187362C9165EB004C81B9 /* General */ = {
			isa = PBXGroup;
			children = (
				9D7186FF2C916103004C81B9 /* MainTabBarViewController.swift */,
				9D7187992C99E3BE004C81B9 /* DetailViewController.swift */,
			);
			path = General;
			sourceTree = "<group>";
		};
		9D7187382C9165FB004C81B9 /* Core */ = {
			isa = PBXGroup;
			children = (
				9D7187392C9168E2004C81B9 /* HomeViewController.swift */,
				9D71873B2C9168EF004C81B9 /* SearchViewController.swift */,
				9D71873D2C916901004C81B9 /* LocationViewController.swift */,
				9D7187412C916922004C81B9 /* PlanViewController.swift */,
				9D71873F2C91690D004C81B9 /* ProfileViewController.swift */,
			);
			path = Core;
			sourceTree = "<group>";
		};
		9D7187432C9171CA004C81B9 /* Fonts */ = {
			isa = PBXGroup;
			children = (
				9D71874C2C9173FC004C81B9 /* DungGeunMo.otf */,
				9D7187442C9171E8004C81B9 /* Hakgyoansim Byeolbichhaneul OTF B.otf */,
				9D7187482C9171F4004C81B9 /* Hakgyoansim Byeolbichhaneul OTF L.otf */,
			);
			path = Fonts;
			sourceTree = "<group>";
		};
		9D7187502C91744E004C81B9 /* TitleView */ = {
			isa = PBXGroup;
			children = (
				9D7187512C91746E004C81B9 /* CustomTitleView.swift */,
			);
			path = TitleView;
			sourceTree = "<group>";
		};
		9D7187552C91751E004C81B9 /* Core */ = {
			isa = PBXGroup;
			children = (
				9DABA8432C9A9A4A00438B6E /* DetailView */,
				9D7187562C917523004C81B9 /* HomView */,
			);
			path = Core;
			sourceTree = "<group>";
		};
		9D7187562C917523004C81B9 /* HomView */ = {
			isa = PBXGroup;
			children = (
				9D71875C2C9177BF004C81B9 /* ContentView */,
				9D7187572C91752C004C81B9 /* BasicView */,
			);
			path = HomView;
			sourceTree = "<group>";
		};
		9D7187572C91752C004C81B9 /* BasicView */ = {
			isa = PBXGroup;
			children = (
				9D7187582C91762B004C81B9 /* HomeBasicScrollView.swift */,
			);
			path = BasicView;
			sourceTree = "<group>";
		};
		9D71875C2C9177BF004C81B9 /* ContentView */ = {
			isa = PBXGroup;
			children = (
				9D71875D2C91C8F9004C81B9 /* HomeContentView.swift */,
			);
			path = ContentView;
			sourceTree = "<group>";
		};
		9D7187612C91CF7D004C81B9 /* CollectionView */ = {
			isa = PBXGroup;
			children = (
				9D7187622C91CFA3004C81B9 /* CustomCategoryCollectionView.swift */,
				9D71876A2C91E1FC004C81B9 /* CustomCategoryCollectionViewCell.swift */,
				9D7187662C91D1AD004C81B9 /* CustomPlaceCollectionView.swift */,
				9D71876E2C91F5CC004C81B9 /* CustomPlaceCollectionViewCell.swift */,
				9DB323892C9BE0E8008ECAE9 /* CustomImagePageCollectionView.swift */,
				9DB3238B2C9BE305008ECAE9 /* CustomImagePageCollectionViewCell.swift */,
			);
			path = CollectionView;
			sourceTree = "<group>";
		};
		9D7187772C91F8DB004C81B9 /* Network */ = {
			isa = PBXGroup;
			children = (
				9D7187872C92883C004C81B9 /* NetworkManager.swift */,
			);
			path = Network;
			sourceTree = "<group>";
		};
		9D7187782C91F8E8004C81B9 /* Models */ = {
			isa = PBXGroup;
			children = (
				9D71878B2C929F97004C81B9 /* AttractionResponse.swift */,
				9DB3238D2C9C01C2008ECAE9 /* ImageResponse.swift */,
			);
			path = Models;
			sourceTree = "<group>";
		};
		9D7187792C91F9B0004C81B9 /* TableView */ = {
			isa = PBXGroup;
			children = (
				9D71877A2C9200B4004C81B9 /* CustomPlaceTableView.swift */,
				9D71877E2C9206D0004C81B9 /* CustomPlaceTableViewCell.swift */,
			);
			path = TableView;
			sourceTree = "<group>";
		};
		9D7187822C921F05004C81B9 /* CategoryCode */ = {
			isa = PBXGroup;
			children = (
				9D7187832C921F1F004C81B9 /* CategoryCode.swift */,
			);
			path = CategoryCode;
			sourceTree = "<group>";
		};
		9D71878F2C92BFD3004C81B9 /* ContentCategory */ = {
			isa = PBXGroup;
			children = (
				9D7187902C92BFEE004C81B9 /* ContentCategory.swift */,
			);
			path = ContentCategory;
			sourceTree = "<group>";
		};
		9D7187942C92C5A2004C81B9 /* Extensions */ = {
			isa = PBXGroup;
			children = (
				9D7187952C92C5B3004C81B9 /* extensions.swift */,
			);
			path = Extensions;
			sourceTree = "<group>";
		};
		9DABA8432C9A9A4A00438B6E /* DetailView */ = {
			isa = PBXGroup;
			children = (
				9DABA8472C9B740000438B6E /* ContentView */,
				9DABA8442C9A9A5700438B6E /* BasicView */,
			);
			path = DetailView;
			sourceTree = "<group>";
		};
		9DABA8442C9A9A5700438B6E /* BasicView */ = {
			isa = PBXGroup;
			children = (
				9DABA8452C9A9BB000438B6E /* DetailBasicScrollView.swift */,
			);
			path = BasicView;
			sourceTree = "<group>";
		};
		9DABA8472C9B740000438B6E /* ContentView */ = {
			isa = PBXGroup;
			children = (
				9DABA8482C9B741800438B6E /* DetailContentView.swift */,
			);
			path = ContentView;
			sourceTree = "<group>";
		};
/* End PBXGroup section */

/* Begin PBXNativeTarget section */
		9D7186F72C916103004C81B9 /* WonderfulKorea */ = {
			isa = PBXNativeTarget;
			buildConfigurationList = 9D7187252C916105004C81B9 /* Build configuration list for PBXNativeTarget "WonderfulKorea" */;
			buildPhases = (
				9D7186F42C916103004C81B9 /* Sources */,
				9D7186F52C916103004C81B9 /* Frameworks */,
				9D7186F62C916103004C81B9 /* Resources */,
			);
			buildRules = (
			);
			dependencies = (
			);
			name = WonderfulKorea;
			packageProductDependencies = (
				9D7187732C91F7B7004C81B9 /* SDWebImage */,
				9D7187752C91F7B7004C81B9 /* SDWebImageMapKit */,
			);
			productName = WonderfulKorea;
			productReference = 9D7186F82C916103004C81B9 /* WonderfulKorea.app */;
			productType = "com.apple.product-type.application";
		};
		9D7187102C916105004C81B9 /* WonderfulKoreaTests */ = {
			isa = PBXNativeTarget;
			buildConfigurationList = 9D7187282C916105004C81B9 /* Build configuration list for PBXNativeTarget "WonderfulKoreaTests" */;
			buildPhases = (
				9D71870D2C916105004C81B9 /* Sources */,
				9D71870E2C916105004C81B9 /* Frameworks */,
				9D71870F2C916105004C81B9 /* Resources */,
			);
			buildRules = (
			);
			dependencies = (
				9D7187132C916105004C81B9 /* PBXTargetDependency */,
			);
			name = WonderfulKoreaTests;
			productName = WonderfulKoreaTests;
			productReference = 9D7187112C916105004C81B9 /* WonderfulKoreaTests.xctest */;
			productType = "com.apple.product-type.bundle.unit-test";
		};
		9D71871A2C916105004C81B9 /* WonderfulKoreaUITests */ = {
			isa = PBXNativeTarget;
			buildConfigurationList = 9D71872B2C916105004C81B9 /* Build configuration list for PBXNativeTarget "WonderfulKoreaUITests" */;
			buildPhases = (
				9D7187172C916105004C81B9 /* Sources */,
				9D7187182C916105004C81B9 /* Frameworks */,
				9D7187192C916105004C81B9 /* Resources */,
			);
			buildRules = (
			);
			dependencies = (
				9D71871D2C916105004C81B9 /* PBXTargetDependency */,
			);
			name = WonderfulKoreaUITests;
			productName = WonderfulKoreaUITests;
			productReference = 9D71871B2C916105004C81B9 /* WonderfulKoreaUITests.xctest */;
			productType = "com.apple.product-type.bundle.ui-testing";
		};
/* End PBXNativeTarget section */

/* Begin PBXProject section */
		9D7186F02C916103004C81B9 /* Project object */ = {
			isa = PBXProject;
			attributes = {
				BuildIndependentTargetsInParallel = 1;
				LastSwiftUpdateCheck = 1540;
				LastUpgradeCheck = 1540;
				TargetAttributes = {
					9D7186F72C916103004C81B9 = {
						CreatedOnToolsVersion = 15.4;
					};
					9D7187102C916105004C81B9 = {
						CreatedOnToolsVersion = 15.4;
						TestTargetID = 9D7186F72C916103004C81B9;
					};
					9D71871A2C916105004C81B9 = {
						CreatedOnToolsVersion = 15.4;
						TestTargetID = 9D7186F72C916103004C81B9;
					};
				};
			};
			buildConfigurationList = 9D7186F32C916103004C81B9 /* Build configuration list for PBXProject "WonderfulKorea" */;
			compatibilityVersion = "Xcode 14.0";
			developmentRegion = en;
			hasScannedForEncodings = 0;
			knownRegions = (
				en,
				Base,
			);
			mainGroup = 9D7186EF2C916103004C81B9;
			packageReferences = (
				9D7187722C91F7B7004C81B9 /* XCRemoteSwiftPackageReference "SDWebImage" */,
			);
			productRefGroup = 9D7186F92C916103004C81B9 /* Products */;
			projectDirPath = "";
			projectRoot = "";
			targets = (
				9D7186F72C916103004C81B9 /* WonderfulKorea */,
				9D7187102C916105004C81B9 /* WonderfulKoreaTests */,
				9D71871A2C916105004C81B9 /* WonderfulKoreaUITests */,
			);
		};
/* End PBXProject section */

/* Begin PBXResourcesBuildPhase section */
		9D7186F62C916103004C81B9 /* Resources */ = {
			isa = PBXResourcesBuildPhase;
			buildActionMask = 2147483647;
			files = (
				9D71874D2C9173FC004C81B9 /* DungGeunMo.otf in Resources */,
				9D7187082C916104004C81B9 /* Assets.xcassets in Resources */,
				9D71870B2C916104004C81B9 /* Base in Resources */,
				9D7187492C9171F4004C81B9 /* Hakgyoansim Byeolbichhaneul OTF L.otf in Resources */,
				9D7187452C9171E8004C81B9 /* Hakgyoansim Byeolbichhaneul OTF B.otf in Resources */,
			);
			runOnlyForDeploymentPostprocessing = 0;
		};
		9D71870F2C916105004C81B9 /* Resources */ = {
			isa = PBXResourcesBuildPhase;
			buildActionMask = 2147483647;
			files = (
				9D71874A2C9171F4004C81B9 /* Hakgyoansim Byeolbichhaneul OTF L.otf in Resources */,
				9D71874E2C9173FC004C81B9 /* DungGeunMo.otf in Resources */,
				9D7187462C9171E8004C81B9 /* Hakgyoansim Byeolbichhaneul OTF B.otf in Resources */,
			);
			runOnlyForDeploymentPostprocessing = 0;
		};
		9D7187192C916105004C81B9 /* Resources */ = {
			isa = PBXResourcesBuildPhase;
			buildActionMask = 2147483647;
			files = (
				9D71874B2C9171F4004C81B9 /* Hakgyoansim Byeolbichhaneul OTF L.otf in Resources */,
				9D71874F2C9173FC004C81B9 /* DungGeunMo.otf in Resources */,
				9D7187472C9171E8004C81B9 /* Hakgyoansim Byeolbichhaneul OTF B.otf in Resources */,
			);
			runOnlyForDeploymentPostprocessing = 0;
		};
/* End PBXResourcesBuildPhase section */

/* Begin PBXSourcesBuildPhase section */
		9D7186F42C916103004C81B9 /* Sources */ = {
			isa = PBXSourcesBuildPhase;
			buildActionMask = 2147483647;
			files = (
				9D71875E2C91C8F9004C81B9 /* HomeContentView.swift in Sources */,
				9D71876B2C91E1FC004C81B9 /* CustomCategoryCollectionViewCell.swift in Sources */,
				9DB3238E2C9C01C2008ECAE9 /* ImageResponse.swift in Sources */,
				9D71879A2C99E3BE004C81B9 /* DetailViewController.swift in Sources */,
				9DB3238C2C9BE305008ECAE9 /* CustomImagePageCollectionViewCell.swift in Sources */,
				9D7187002C916103004C81B9 /* MainTabBarViewController.swift in Sources */,
				9D7187882C92883C004C81B9 /* NetworkManager.swift in Sources */,
				9D7187672C91D1AD004C81B9 /* CustomPlaceCollectionView.swift in Sources */,
				9D71878C2C929F97004C81B9 /* AttractionResponse.swift in Sources */,
				9D7187422C916922004C81B9 /* PlanViewController.swift in Sources */,
				9D7187912C92BFEE004C81B9 /* ContentCategory.swift in Sources */,
				9D71876F2C91F5CC004C81B9 /* CustomPlaceCollectionViewCell.swift in Sources */,
				9D7187842C921F1F004C81B9 /* CategoryCode.swift in Sources */,
				9D71873C2C9168EF004C81B9 /* SearchViewController.swift in Sources */,
				9D7187962C92C5B3004C81B9 /* extensions.swift in Sources */,
				9D7187352C9165A4004C81B9 /* CustomTabBarView.swift in Sources */,
				9DABA8492C9B741800438B6E /* DetailContentView.swift in Sources */,
				9D7186FC2C916103004C81B9 /* AppDelegate.swift in Sources */,
				9D7186FE2C916103004C81B9 /* SceneDelegate.swift in Sources */,
				9D71877F2C9206D0004C81B9 /* CustomPlaceTableViewCell.swift in Sources */,
				9D71877B2C9200B4004C81B9 /* CustomPlaceTableView.swift in Sources */,
				9D7187062C916103004C81B9 /* WonderfulKorea.xcdatamodeld in Sources */,
				9DB3238A2C9BE0E8008ECAE9 /* CustomImagePageCollectionView.swift in Sources */,
				9DABA8462C9A9BB000438B6E /* DetailBasicScrollView.swift in Sources */,
				9D7187522C91746E004C81B9 /* CustomTitleView.swift in Sources */,
				9D7187402C91690D004C81B9 /* ProfileViewController.swift in Sources */,
				9D7187592C91762B004C81B9 /* HomeBasicScrollView.swift in Sources */,
				9D71873A2C9168E2004C81B9 /* HomeViewController.swift in Sources */,
				9D71873E2C916901004C81B9 /* LocationViewController.swift in Sources */,
				9D7187632C91CFA3004C81B9 /* CustomCategoryCollectionView.swift in Sources */,
			);
			runOnlyForDeploymentPostprocessing = 0;
		};
		9D71870D2C916105004C81B9 /* Sources */ = {
			isa = PBXSourcesBuildPhase;
			buildActionMask = 2147483647;
			files = (
				9D7187892C92883C004C81B9 /* NetworkManager.swift in Sources */,
				9D71876C2C91E1FC004C81B9 /* CustomCategoryCollectionViewCell.swift in Sources */,
				9D71877C2C9200B4004C81B9 /* CustomPlaceTableView.swift in Sources */,
				9D7187852C921F1F004C81B9 /* CategoryCode.swift in Sources */,
				9D71875A2C91762B004C81B9 /* HomeBasicScrollView.swift in Sources */,
				9D7187972C92C5B3004C81B9 /* extensions.swift in Sources */,
				9D71878D2C929F97004C81B9 /* AttractionResponse.swift in Sources */,
				9D71879B2C99E3BE004C81B9 /* DetailViewController.swift in Sources */,
				9D7187642C91CFA3004C81B9 /* CustomCategoryCollectionView.swift in Sources */,
				9D7187802C9206D0004C81B9 /* CustomPlaceTableViewCell.swift in Sources */,
				9D7187532C91746E004C81B9 /* CustomTitleView.swift in Sources */,
				9D7187922C92BFEE004C81B9 /* ContentCategory.swift in Sources */,
				9D7187162C916105004C81B9 /* WonderfulKoreaTests.swift in Sources */,
				9D7187702C91F5CC004C81B9 /* CustomPlaceCollectionViewCell.swift in Sources */,
				9D71875F2C91C8F9004C81B9 /* HomeContentView.swift in Sources */,
				9D7187682C91D1AD004C81B9 /* CustomPlaceCollectionView.swift in Sources */,
			);
			runOnlyForDeploymentPostprocessing = 0;
		};
		9D7187172C916105004C81B9 /* Sources */ = {
			isa = PBXSourcesBuildPhase;
			buildActionMask = 2147483647;
			files = (
				9D7187712C91F5CC004C81B9 /* CustomPlaceCollectionViewCell.swift in Sources */,
				9D71879C2C99E3BE004C81B9 /* DetailViewController.swift in Sources */,
				9D7187542C91746E004C81B9 /* CustomTitleView.swift in Sources */,
				9D7187862C921F1F004C81B9 /* CategoryCode.swift in Sources */,
				9D71878A2C92883C004C81B9 /* NetworkManager.swift in Sources */,
				9D71876D2C91E1FC004C81B9 /* CustomCategoryCollectionViewCell.swift in Sources */,
				9D71878E2C929F97004C81B9 /* AttractionResponse.swift in Sources */,
				9D7187692C91D1AD004C81B9 /* CustomPlaceCollectionView.swift in Sources */,
				9D7187932C92BFEE004C81B9 /* ContentCategory.swift in Sources */,
				9D7187652C91CFA3004C81B9 /* CustomCategoryCollectionView.swift in Sources */,
				9D7187812C9206D0004C81B9 /* CustomPlaceTableViewCell.swift in Sources */,
				9D71875B2C91762B004C81B9 /* HomeBasicScrollView.swift in Sources */,
				9D7187982C92C5B3004C81B9 /* extensions.swift in Sources */,
				9D71877D2C9200B4004C81B9 /* CustomPlaceTableView.swift in Sources */,
				9D7187222C916105004C81B9 /* WonderfulKoreaUITestsLaunchTests.swift in Sources */,
				9D7187602C91C8F9004C81B9 /* HomeContentView.swift in Sources */,
				9D7187202C916105004C81B9 /* WonderfulKoreaUITests.swift in Sources */,
			);
			runOnlyForDeploymentPostprocessing = 0;
		};
/* End PBXSourcesBuildPhase section */

/* Begin PBXTargetDependency section */
		9D7187132C916105004C81B9 /* PBXTargetDependency */ = {
			isa = PBXTargetDependency;
			target = 9D7186F72C916103004C81B9 /* WonderfulKorea */;
			targetProxy = 9D7187122C916105004C81B9 /* PBXContainerItemProxy */;
		};
		9D71871D2C916105004C81B9 /* PBXTargetDependency */ = {
			isa = PBXTargetDependency;
			target = 9D7186F72C916103004C81B9 /* WonderfulKorea */;
			targetProxy = 9D71871C2C916105004C81B9 /* PBXContainerItemProxy */;
		};
/* End PBXTargetDependency section */

/* Begin PBXVariantGroup section */
		9D7187092C916104004C81B9 /* LaunchScreen.storyboard */ = {
			isa = PBXVariantGroup;
			children = (
				9D71870A2C916104004C81B9 /* Base */,
			);
			name = LaunchScreen.storyboard;
			sourceTree = "<group>";
		};
/* End PBXVariantGroup section */

/* Begin XCBuildConfiguration section */
		9D7187232C916105004C81B9 /* Debug */ = {
			isa = XCBuildConfiguration;
			buildSettings = {
				ALWAYS_SEARCH_USER_PATHS = NO;
				ASSETCATALOG_COMPILER_GENERATE_SWIFT_ASSET_SYMBOL_EXTENSIONS = YES;
				CLANG_ANALYZER_NONNULL = YES;
				CLANG_ANALYZER_NUMBER_OBJECT_CONVERSION = YES_AGGRESSIVE;
				CLANG_CXX_LANGUAGE_STANDARD = "gnu++20";
				CLANG_ENABLE_MODULES = YES;
				CLANG_ENABLE_OBJC_ARC = YES;
				CLANG_ENABLE_OBJC_WEAK = YES;
				CLANG_WARN_BLOCK_CAPTURE_AUTORELEASING = YES;
				CLANG_WARN_BOOL_CONVERSION = YES;
				CLANG_WARN_COMMA = YES;
				CLANG_WARN_CONSTANT_CONVERSION = YES;
				CLANG_WARN_DEPRECATED_OBJC_IMPLEMENTATIONS = YES;
				CLANG_WARN_DIRECT_OBJC_ISA_USAGE = YES_ERROR;
				CLANG_WARN_DOCUMENTATION_COMMENTS = YES;
				CLANG_WARN_EMPTY_BODY = YES;
				CLANG_WARN_ENUM_CONVERSION = YES;
				CLANG_WARN_INFINITE_RECURSION = YES;
				CLANG_WARN_INT_CONVERSION = YES;
				CLANG_WARN_NON_LITERAL_NULL_CONVERSION = YES;
				CLANG_WARN_OBJC_IMPLICIT_RETAIN_SELF = YES;
				CLANG_WARN_OBJC_LITERAL_CONVERSION = YES;
				CLANG_WARN_OBJC_ROOT_CLASS = YES_ERROR;
				CLANG_WARN_QUOTED_INCLUDE_IN_FRAMEWORK_HEADER = YES;
				CLANG_WARN_RANGE_LOOP_ANALYSIS = YES;
				CLANG_WARN_STRICT_PROTOTYPES = YES;
				CLANG_WARN_SUSPICIOUS_MOVE = YES;
				CLANG_WARN_UNGUARDED_AVAILABILITY = YES_AGGRESSIVE;
				CLANG_WARN_UNREACHABLE_CODE = YES;
				CLANG_WARN__DUPLICATE_METHOD_MATCH = YES;
				COPY_PHASE_STRIP = NO;
				DEBUG_INFORMATION_FORMAT = dwarf;
				ENABLE_STRICT_OBJC_MSGSEND = YES;
				ENABLE_TESTABILITY = YES;
				ENABLE_USER_SCRIPT_SANDBOXING = YES;
				GCC_C_LANGUAGE_STANDARD = gnu17;
				GCC_DYNAMIC_NO_PIC = NO;
				GCC_NO_COMMON_BLOCKS = YES;
				GCC_OPTIMIZATION_LEVEL = 0;
				GCC_PREPROCESSOR_DEFINITIONS = (
					"DEBUG=1",
					"$(inherited)",
				);
				GCC_WARN_64_TO_32_BIT_CONVERSION = YES;
				GCC_WARN_ABOUT_RETURN_TYPE = YES_ERROR;
				GCC_WARN_UNDECLARED_SELECTOR = YES;
				GCC_WARN_UNINITIALIZED_AUTOS = YES_AGGRESSIVE;
				GCC_WARN_UNUSED_FUNCTION = YES;
				GCC_WARN_UNUSED_VARIABLE = YES;
				INFOPLIST_KEY_UIMainStoryboardFile = "";
				IPHONEOS_DEPLOYMENT_TARGET = 17.5;
				LOCALIZATION_PREFERS_STRING_CATALOGS = YES;
				MTL_ENABLE_DEBUG_INFO = INCLUDE_SOURCE;
				MTL_FAST_MATH = YES;
				ONLY_ACTIVE_ARCH = YES;
				SDKROOT = iphoneos;
				SWIFT_ACTIVE_COMPILATION_CONDITIONS = "DEBUG $(inherited)";
				SWIFT_OPTIMIZATION_LEVEL = "-Onone";
			};
			name = Debug;
		};
		9D7187242C916105004C81B9 /* Release */ = {
			isa = XCBuildConfiguration;
			buildSettings = {
				ALWAYS_SEARCH_USER_PATHS = NO;
				ASSETCATALOG_COMPILER_GENERATE_SWIFT_ASSET_SYMBOL_EXTENSIONS = YES;
				CLANG_ANALYZER_NONNULL = YES;
				CLANG_ANALYZER_NUMBER_OBJECT_CONVERSION = YES_AGGRESSIVE;
				CLANG_CXX_LANGUAGE_STANDARD = "gnu++20";
				CLANG_ENABLE_MODULES = YES;
				CLANG_ENABLE_OBJC_ARC = YES;
				CLANG_ENABLE_OBJC_WEAK = YES;
				CLANG_WARN_BLOCK_CAPTURE_AUTORELEASING = YES;
				CLANG_WARN_BOOL_CONVERSION = YES;
				CLANG_WARN_COMMA = YES;
				CLANG_WARN_CONSTANT_CONVERSION = YES;
				CLANG_WARN_DEPRECATED_OBJC_IMPLEMENTATIONS = YES;
				CLANG_WARN_DIRECT_OBJC_ISA_USAGE = YES_ERROR;
				CLANG_WARN_DOCUMENTATION_COMMENTS = YES;
				CLANG_WARN_EMPTY_BODY = YES;
				CLANG_WARN_ENUM_CONVERSION = YES;
				CLANG_WARN_INFINITE_RECURSION = YES;
				CLANG_WARN_INT_CONVERSION = YES;
				CLANG_WARN_NON_LITERAL_NULL_CONVERSION = YES;
				CLANG_WARN_OBJC_IMPLICIT_RETAIN_SELF = YES;
				CLANG_WARN_OBJC_LITERAL_CONVERSION = YES;
				CLANG_WARN_OBJC_ROOT_CLASS = YES_ERROR;
				CLANG_WARN_QUOTED_INCLUDE_IN_FRAMEWORK_HEADER = YES;
				CLANG_WARN_RANGE_LOOP_ANALYSIS = YES;
				CLANG_WARN_STRICT_PROTOTYPES = YES;
				CLANG_WARN_SUSPICIOUS_MOVE = YES;
				CLANG_WARN_UNGUARDED_AVAILABILITY = YES_AGGRESSIVE;
				CLANG_WARN_UNREACHABLE_CODE = YES;
				CLANG_WARN__DUPLICATE_METHOD_MATCH = YES;
				COPY_PHASE_STRIP = NO;
				DEBUG_INFORMATION_FORMAT = "dwarf-with-dsym";
				ENABLE_NS_ASSERTIONS = NO;
				ENABLE_STRICT_OBJC_MSGSEND = YES;
				ENABLE_USER_SCRIPT_SANDBOXING = YES;
				GCC_C_LANGUAGE_STANDARD = gnu17;
				GCC_NO_COMMON_BLOCKS = YES;
				GCC_WARN_64_TO_32_BIT_CONVERSION = YES;
				GCC_WARN_ABOUT_RETURN_TYPE = YES_ERROR;
				GCC_WARN_UNDECLARED_SELECTOR = YES;
				GCC_WARN_UNINITIALIZED_AUTOS = YES_AGGRESSIVE;
				GCC_WARN_UNUSED_FUNCTION = YES;
				GCC_WARN_UNUSED_VARIABLE = YES;
				IPHONEOS_DEPLOYMENT_TARGET = 17.5;
				LOCALIZATION_PREFERS_STRING_CATALOGS = YES;
				MTL_ENABLE_DEBUG_INFO = NO;
				MTL_FAST_MATH = YES;
				SDKROOT = iphoneos;
				SWIFT_COMPILATION_MODE = wholemodule;
				VALIDATE_PRODUCT = YES;
			};
			name = Release;
		};
		9D7187262C916105004C81B9 /* Debug */ = {
			isa = XCBuildConfiguration;
			buildSettings = {
				ASSETCATALOG_COMPILER_APPICON_NAME = AppIcon;
				ASSETCATALOG_COMPILER_GLOBAL_ACCENT_COLOR_NAME = AccentColor;
				CODE_SIGN_STYLE = Automatic;
				CURRENT_PROJECT_VERSION = 1;
				DEVELOPMENT_TEAM = P9NXT375QP;
				GENERATE_INFOPLIST_FILE = YES;
				INFOPLIST_FILE = WonderfulKorea/Info.plist;
				INFOPLIST_KEY_CFBundleDisplayName = WonderKor;
				INFOPLIST_KEY_LSApplicationCategoryType = "public.app-category.travel";
				INFOPLIST_KEY_UIApplicationSupportsIndirectInputEvents = YES;
				INFOPLIST_KEY_UILaunchStoryboardName = LaunchScreen;
				INFOPLIST_KEY_UISupportedInterfaceOrientations = UIInterfaceOrientationPortrait;
				IPHONEOS_DEPLOYMENT_TARGET = 16.0;
				LD_RUNPATH_SEARCH_PATHS = (
					"$(inherited)",
					"@executable_path/Frameworks",
				);
				MARKETING_VERSION = 1.0;
				PRODUCT_BUNDLE_IDENTIFIER = com.jungguen.WonderfulKorea;
				PRODUCT_NAME = "$(TARGET_NAME)";
				SUPPORTED_PLATFORMS = "iphoneos iphonesimulator";
				SUPPORTS_MACCATALYST = NO;
				SUPPORTS_MAC_DESIGNED_FOR_IPHONE_IPAD = NO;
				SUPPORTS_XR_DESIGNED_FOR_IPHONE_IPAD = NO;
				SWIFT_EMIT_LOC_STRINGS = YES;
				SWIFT_VERSION = 5.0;
				TARGETED_DEVICE_FAMILY = "1,2";
			};
			name = Debug;
		};
		9D7187272C916105004C81B9 /* Release */ = {
			isa = XCBuildConfiguration;
			buildSettings = {
				ASSETCATALOG_COMPILER_APPICON_NAME = AppIcon;
				ASSETCATALOG_COMPILER_GLOBAL_ACCENT_COLOR_NAME = AccentColor;
				CODE_SIGN_STYLE = Automatic;
				CURRENT_PROJECT_VERSION = 1;
				DEVELOPMENT_TEAM = P9NXT375QP;
				GENERATE_INFOPLIST_FILE = YES;
				INFOPLIST_FILE = WonderfulKorea/Info.plist;
				INFOPLIST_KEY_CFBundleDisplayName = WonderKor;
				INFOPLIST_KEY_LSApplicationCategoryType = "public.app-category.travel";
				INFOPLIST_KEY_UIApplicationSupportsIndirectInputEvents = YES;
				INFOPLIST_KEY_UILaunchStoryboardName = LaunchScreen;
				INFOPLIST_KEY_UISupportedInterfaceOrientations = UIInterfaceOrientationPortrait;
				IPHONEOS_DEPLOYMENT_TARGET = 16.0;
				LD_RUNPATH_SEARCH_PATHS = (
					"$(inherited)",
					"@executable_path/Frameworks",
				);
				MARKETING_VERSION = 1.0;
				PRODUCT_BUNDLE_IDENTIFIER = com.jungguen.WonderfulKorea;
				PRODUCT_NAME = "$(TARGET_NAME)";
				SUPPORTED_PLATFORMS = "iphoneos iphonesimulator";
				SUPPORTS_MACCATALYST = NO;
				SUPPORTS_MAC_DESIGNED_FOR_IPHONE_IPAD = NO;
				SUPPORTS_XR_DESIGNED_FOR_IPHONE_IPAD = NO;
				SWIFT_EMIT_LOC_STRINGS = YES;
				SWIFT_VERSION = 5.0;
				TARGETED_DEVICE_FAMILY = "1,2";
			};
			name = Release;
		};
		9D7187292C916105004C81B9 /* Debug */ = {
			isa = XCBuildConfiguration;
			buildSettings = {
				ALWAYS_EMBED_SWIFT_STANDARD_LIBRARIES = YES;
				BUNDLE_LOADER = "$(TEST_HOST)";
				CODE_SIGN_STYLE = Automatic;
				CURRENT_PROJECT_VERSION = 1;
				DEVELOPMENT_TEAM = P9NXT375QP;
				GENERATE_INFOPLIST_FILE = YES;
				IPHONEOS_DEPLOYMENT_TARGET = 17.5;
				MARKETING_VERSION = 1.0;
				PRODUCT_BUNDLE_IDENTIFIER = com.jungguen.WonderfulKoreaTests;
				PRODUCT_NAME = "$(TARGET_NAME)";
				SWIFT_EMIT_LOC_STRINGS = NO;
				SWIFT_VERSION = 5.0;
				TARGETED_DEVICE_FAMILY = "1,2";
				TEST_HOST = "$(BUILT_PRODUCTS_DIR)/WonderfulKorea.app/$(BUNDLE_EXECUTABLE_FOLDER_PATH)/WonderfulKorea";
			};
			name = Debug;
		};
		9D71872A2C916105004C81B9 /* Release */ = {
			isa = XCBuildConfiguration;
			buildSettings = {
				ALWAYS_EMBED_SWIFT_STANDARD_LIBRARIES = YES;
				BUNDLE_LOADER = "$(TEST_HOST)";
				CODE_SIGN_STYLE = Automatic;
				CURRENT_PROJECT_VERSION = 1;
				DEVELOPMENT_TEAM = P9NXT375QP;
				GENERATE_INFOPLIST_FILE = YES;
				IPHONEOS_DEPLOYMENT_TARGET = 17.5;
				MARKETING_VERSION = 1.0;
				PRODUCT_BUNDLE_IDENTIFIER = com.jungguen.WonderfulKoreaTests;
				PRODUCT_NAME = "$(TARGET_NAME)";
				SWIFT_EMIT_LOC_STRINGS = NO;
				SWIFT_VERSION = 5.0;
				TARGETED_DEVICE_FAMILY = "1,2";
				TEST_HOST = "$(BUILT_PRODUCTS_DIR)/WonderfulKorea.app/$(BUNDLE_EXECUTABLE_FOLDER_PATH)/WonderfulKorea";
			};
			name = Release;
		};
		9D71872C2C916105004C81B9 /* Debug */ = {
			isa = XCBuildConfiguration;
			buildSettings = {
				ALWAYS_EMBED_SWIFT_STANDARD_LIBRARIES = YES;
				CODE_SIGN_STYLE = Automatic;
				CURRENT_PROJECT_VERSION = 1;
				DEVELOPMENT_TEAM = P9NXT375QP;
				GENERATE_INFOPLIST_FILE = YES;
				MARKETING_VERSION = 1.0;
				PRODUCT_BUNDLE_IDENTIFIER = com.jungguen.WonderfulKoreaUITests;
				PRODUCT_NAME = "$(TARGET_NAME)";
				SWIFT_EMIT_LOC_STRINGS = NO;
				SWIFT_VERSION = 5.0;
				TARGETED_DEVICE_FAMILY = "1,2";
				TEST_TARGET_NAME = WonderfulKorea;
			};
			name = Debug;
		};
		9D71872D2C916105004C81B9 /* Release */ = {
			isa = XCBuildConfiguration;
			buildSettings = {
				ALWAYS_EMBED_SWIFT_STANDARD_LIBRARIES = YES;
				CODE_SIGN_STYLE = Automatic;
				CURRENT_PROJECT_VERSION = 1;
				DEVELOPMENT_TEAM = P9NXT375QP;
				GENERATE_INFOPLIST_FILE = YES;
				MARKETING_VERSION = 1.0;
				PRODUCT_BUNDLE_IDENTIFIER = com.jungguen.WonderfulKoreaUITests;
				PRODUCT_NAME = "$(TARGET_NAME)";
				SWIFT_EMIT_LOC_STRINGS = NO;
				SWIFT_VERSION = 5.0;
				TARGETED_DEVICE_FAMILY = "1,2";
				TEST_TARGET_NAME = WonderfulKorea;
			};
			name = Release;
		};
/* End XCBuildConfiguration section */

/* Begin XCConfigurationList section */
		9D7186F32C916103004C81B9 /* Build configuration list for PBXProject "WonderfulKorea" */ = {
			isa = XCConfigurationList;
			buildConfigurations = (
				9D7187232C916105004C81B9 /* Debug */,
				9D7187242C916105004C81B9 /* Release */,
			);
			defaultConfigurationIsVisible = 0;
			defaultConfigurationName = Release;
		};
		9D7187252C916105004C81B9 /* Build configuration list for PBXNativeTarget "WonderfulKorea" */ = {
			isa = XCConfigurationList;
			buildConfigurations = (
				9D7187262C916105004C81B9 /* Debug */,
				9D7187272C916105004C81B9 /* Release */,
			);
			defaultConfigurationIsVisible = 0;
			defaultConfigurationName = Release;
		};
		9D7187282C916105004C81B9 /* Build configuration list for PBXNativeTarget "WonderfulKoreaTests" */ = {
			isa = XCConfigurationList;
			buildConfigurations = (
				9D7187292C916105004C81B9 /* Debug */,
				9D71872A2C916105004C81B9 /* Release */,
			);
			defaultConfigurationIsVisible = 0;
			defaultConfigurationName = Release;
		};
		9D71872B2C916105004C81B9 /* Build configuration list for PBXNativeTarget "WonderfulKoreaUITests" */ = {
			isa = XCConfigurationList;
			buildConfigurations = (
				9D71872C2C916105004C81B9 /* Debug */,
				9D71872D2C916105004C81B9 /* Release */,
			);
			defaultConfigurationIsVisible = 0;
			defaultConfigurationName = Release;
		};
/* End XCConfigurationList section */

/* Begin XCRemoteSwiftPackageReference section */
		9D7187722C91F7B7004C81B9 /* XCRemoteSwiftPackageReference "SDWebImage" */ = {
			isa = XCRemoteSwiftPackageReference;
			repositoryURL = "https://github.com/SDWebImage/SDWebImage.git";
			requirement = {
				kind = upToNextMajorVersion;
				minimumVersion = 5.19.7;
			};
		};
/* End XCRemoteSwiftPackageReference section */

/* Begin XCSwiftPackageProductDependency section */
		9D7187732C91F7B7004C81B9 /* SDWebImage */ = {
			isa = XCSwiftPackageProductDependency;
			package = 9D7187722C91F7B7004C81B9 /* XCRemoteSwiftPackageReference "SDWebImage" */;
			productName = SDWebImage;
		};
		9D7187752C91F7B7004C81B9 /* SDWebImageMapKit */ = {
			isa = XCSwiftPackageProductDependency;
			package = 9D7187722C91F7B7004C81B9 /* XCRemoteSwiftPackageReference "SDWebImage" */;
			productName = SDWebImageMapKit;
		};
/* End XCSwiftPackageProductDependency section */

/* Begin XCVersionGroup section */
		9D7187042C916103004C81B9 /* WonderfulKorea.xcdatamodeld */ = {
			isa = XCVersionGroup;
			children = (
				9D7187052C916103004C81B9 /* WonderfulKorea.xcdatamodel */,
			);
			currentVersion = 9D7187052C916103004C81B9 /* WonderfulKorea.xcdatamodel */;
			path = WonderfulKorea.xcdatamodeld;
			sourceTree = "<group>";
			versionGroupType = wrapper.xcdatamodel;
		};
/* End XCVersionGroup section */
	};
	rootObject = 9D7186F02C916103004C81B9 /* Project object */;
}
